
Microsoft Visual Studio Solution File, Format Version 12.00
# Visual Studio Version 16
VisualStudioVersion = 16.0.31515.178
MinimumVisualStudioVersion = 10.0.40219.1
Project("{F184B08F-C81C-45F6-A57F-5ABD9991F28F}") = "RegEx", "RegEx.vbproj", "{A7E55CB3-BA33-4C8D-BAB5-13DF7D2C7209}"
EndProject
Global
	GlobalSection(SolutionConfigurationPlatforms) = preSolution
		Debug|Any CPU = Debug|Any CPU
		Release|Any CPU = Release|Any CPU
	EndGlobalSection
	GlobalSection(ProjectConfigurationPlatforms) = postSolution
		{A7E55CB3-BA33-4C8D-BAB5-13DF7D2C7209}.Debug|Any CPU.ActiveCfg = Debug|Any CPU
		{A7E55CB3-BA33-4C8D-BAB5-13DF7D2C7209}.Debug|Any CPU.Build.0 = Debug|Any CPU
		{A7E55CB3-BA33-4C8D-BAB5-13DF7D2C7209}.Release|Any CPU.ActiveCfg = Release|Any CPU
		{A7E55CB3-BA33-4C8D-BAB5-13DF7D2C7209}.Release|Any CPU.Build.0 = Release|Any CPU
	EndGlobalSection
	GlobalSection(SolutionProperties) = preSolution
		HideSolutionNode = FALSE
	EndGlobalSection
	GlobalSection(ExtensibilityGlobals) = postSolution
		SolutionGuid = {3CED0666-6F04-4E4B-BB82-DF4A089F355A}
	EndGlobalSection
EndGlobal
